
Microsoft Visual Studio Solution File, Format Version 12.00
# Visual Studio Version 17
VisualStudioVersion = 17.4.33403.182
MinimumVisualStudioVersion = 10.0.40219.1
Project("{9A19103F-16F7-4668-BE54-9A1E7A4F7556}") = "Sfaketify", "Sfaketify.csproj", "{82826056-FEB2-4860-81C0-9860DE9D2FF6}"
EndProject
Global
	GlobalSection(SolutionConfigurationPlatforms) = preSolution
		Debug|Any CPU = Debug|Any CPU
		Release|Any CPU = Release|Any CPU
	EndGlobalSection
	GlobalSection(ProjectConfigurationPlatforms) = postSolution
		{82826056-FEB2-4860-81C0-9860DE9D2FF6}.Debug|Any CPU.ActiveCfg = Debug|Any CPU
		{82826056-FEB2-4860-81C0-9860DE9D2FF6}.Debug|Any CPU.Build.0 = Debug|Any CPU
		{82826056-FEB2-4860-81C0-9860DE9D2FF6}.Release|Any CPU.ActiveCfg = Release|Any CPU
		{82826056-FEB2-4860-81C0-9860DE9D2FF6}.Release|Any CPU.Build.0 = Release|Any CPU
	EndGlobalSection
	GlobalSection(SolutionProperties) = preSolution
		HideSolutionNode = FALSE
	EndGlobalSection
	GlobalSection(ExtensibilityGlobals) = postSolution
		SolutionGuid = {774B8980-3EE7-4202-AC7F-F15C53F6A980}
	EndGlobalSection
EndGlobal
